
Microsoft Visual Studio Solution File, Format Version 12.00
# Visual Studio Version 16
VisualStudioVersion = 16.0.30114.105
MinimumVisualStudioVersion = 10.0.40219.1
Project("{FAE04EC0-301F-11D3-BF4B-00C04F79EFBC}") = "R5T.Thessaloniki.Standard", "R5T.Thessaloniki.Standard\R5T.Thessaloniki.Standard.csproj", "{180E2394-DB5D-4EE4-B479-168C094DAF82}"
EndProject
Project("{FAE04EC0-301F-11D3-BF4B-00C04F79EFBC}") = "R5T.Thessaloniki.Standard.Construction", "R5T.Thessaloniki.Standard.Construction\R5T.Thessaloniki.Standard.Construction.csproj", "{956E310F-D0FA-4AF1-92B5-2212AB4E75B0}"
EndProject
Project("{FAE04EC0-301F-11D3-BF4B-00C04F79EFBC}") = "R5T.Thessaloniki.Standard.Testing", "R5T.Thessaloniki.Standard.Testing\R5T.Thessaloniki.Standard.Testing.csproj", "{67013CAA-897F-4A6B-AA1B-3F8D076AB8D2}"
EndProject
Global
	GlobalSection(SolutionConfigurationPlatforms) = preSolution
		Debug|Any CPU = Debug|Any CPU
		Debug|x64 = Debug|x64
		Debug|x86 = Debug|x86
		Release|Any CPU = Release|Any CPU
		Release|x64 = Release|x64
		Release|x86 = Release|x86
	EndGlobalSection
	GlobalSection(SolutionProperties) = preSolution
		HideSolutionNode = FALSE
	EndGlobalSection
	GlobalSection(ProjectConfigurationPlatforms) = postSolution
		{180E2394-DB5D-4EE4-B479-168C094DAF82}.Debug|Any CPU.ActiveCfg = Debug|Any CPU
		{180E2394-DB5D-4EE4-B479-168C094DAF82}.Debug|Any CPU.Build.0 = Debug|Any CPU
		{180E2394-DB5D-4EE4-B479-168C094DAF82}.Debug|x64.ActiveCfg = Debug|Any CPU
		{180E2394-DB5D-4EE4-B479-168C094DAF82}.Debug|x64.Build.0 = Debug|Any CPU
		{180E2394-DB5D-4EE4-B479-168C094DAF82}.Debug|x86.ActiveCfg = Debug|Any CPU
		{180E2394-DB5D-4EE4-B479-168C094DAF82}.Debug|x86.Build.0 = Debug|Any CPU
		{180E2394-DB5D-4EE4-B479-168C094DAF82}.Release|Any CPU.ActiveCfg = Release|Any CPU
		{180E2394-DB5D-4EE4-B479-168C094DAF82}.Release|Any CPU.Build.0 = Release|Any CPU
		{180E2394-DB5D-4EE4-B479-168C094DAF82}.Release|x64.ActiveCfg = Release|Any CPU
		{180E2394-DB5D-4EE4-B479-168C094DAF82}.Release|x64.Build.0 = Release|Any CPU
		{180E2394-DB5D-4EE4-B479-168C094DAF82}.Release|x86.ActiveCfg = Release|Any CPU
		{180E2394-DB5D-4EE4-B479-168C094DAF82}.Release|x86.Build.0 = Release|Any CPU
		{956E310F-D0FA-4AF1-92B5-2212AB4E75B0}.Debug|Any CPU.ActiveCfg = Debug|Any CPU
		{956E310F-D0FA-4AF1-92B5-2212AB4E75B0}.Debug|Any CPU.Build.0 = Debug|Any CPU
		{956E310F-D0FA-4AF1-92B5-2212AB4E75B0}.Debug|x64.ActiveCfg = Debug|Any CPU
		{956E310F-D0FA-4AF1-92B5-2212AB4E75B0}.Debug|x64.Build.0 = Debug|Any CPU
		{956E310F-D0FA-4AF1-92B5-2212AB4E75B0}.Debug|x86.ActiveCfg = Debug|Any CPU
		{956E310F-D0FA-4AF1-92B5-2212AB4E75B0}.Debug|x86.Build.0 = Debug|Any CPU
		{956E310F-D0FA-4AF1-92B5-2212AB4E75B0}.Release|Any CPU.ActiveCfg = Release|Any CPU
		{956E310F-D0FA-4AF1-92B5-2212AB4E75B0}.Release|Any CPU.Build.0 = Release|Any CPU
		{956E310F-D0FA-4AF1-92B5-2212AB4E75B0}.Release|x64.ActiveCfg = Release|Any CPU
		{956E310F-D0FA-4AF1-92B5-2212AB4E75B0}.Release|x64.Build.0 = Release|Any CPU
		{956E310F-D0FA-4AF1-92B5-2212AB4E75B0}.Release|x86.ActiveCfg = Release|Any CPU
		{956E310F-D0FA-4AF1-92B5-2212AB4E75B0}.Release|x86.Build.0 = Release|Any CPU
		{67013CAA-897F-4A6B-AA1B-3F8D076AB8D2}.Debug|Any CPU.ActiveCfg = Debug|Any CPU
		{67013CAA-897F-4A6B-AA1B-3F8D076AB8D2}.Debug|Any CPU.Build.0 = Debug|Any CPU
		{67013CAA-897F-4A6B-AA1B-3F8D076AB8D2}.Debug|x64.ActiveCfg = Debug|Any CPU
		{67013CAA-897F-4A6B-AA1B-3F8D076AB8D2}.Debug|x64.Build.0 = Debug|Any CPU
		{67013CAA-897F-4A6B-AA1B-3F8D076AB8D2}.Debug|x86.ActiveCfg = Debug|Any CPU
		{67013CAA-897F-4A6B-AA1B-3F8D076AB8D2}.Debug|x86.Build.0 = Debug|Any CPU
		{67013CAA-897F-4A6B-AA1B-3F8D076AB8D2}.Release|Any CPU.ActiveCfg = Release|Any CPU
		{67013CAA-897F-4A6B-AA1B-3F8D076AB8D2}.Release|Any CPU.Build.0 = Release|Any CPU
		{67013CAA-897F-4A6B-AA1B-3F8D076AB8D2}.Release|x64.ActiveCfg = Release|Any CPU
		{67013CAA-897F-4A6B-AA1B-3F8D076AB8D2}.Release|x64.Build.0 = Release|Any CPU
		{67013CAA-897F-4A6B-AA1B-3F8D076AB8D2}.Release|x86.ActiveCfg = Release|Any CPU
		{67013CAA-897F-4A6B-AA1B-3F8D076AB8D2}.Release|x86.Build.0 = Release|Any CPU
	EndGlobalSection
EndGlobal
